
Microsoft Visual Studio Solution File, Format Version 12.00
# Visual Studio 15
VisualStudioVersion = 15.0.27130.2010
MinimumVisualStudioVersion = 10.0.40219.1
Project("{8BC9CEB8-8B4A-11D0-8D11-00A0C91BC942}") = "Firmware", "Firmware\Firmware.vcxproj", "{75BB2A56-BD28-4460-B4D9-87F57CB6016A}"
EndProject
Global
	GlobalSection(SolutionConfigurationPlatforms) = preSolution
		Debug|VisualGDB = Debug|VisualGDB
		Release|VisualGDB = Release|VisualGDB
	EndGlobalSection
	GlobalSection(ProjectConfigurationPlatforms) = postSolution
		{75BB2A56-BD28-4460-B4D9-87F57CB6016A}.Debug|VisualGDB.ActiveCfg = Debug|VisualGDB
		{75BB2A56-BD28-4460-B4D9-87F57CB6016A}.Debug|VisualGDB.Build.0 = Debug|VisualGDB
		{75BB2A56-BD28-4460-B4D9-87F57CB6016A}.Release|VisualGDB.ActiveCfg = Release|VisualGDB
		{75BB2A56-BD28-4460-B4D9-87F57CB6016A}.Release|VisualGDB.Build.0 = Release|VisualGDB
	EndGlobalSection
	GlobalSection(SolutionProperties) = preSolution
		HideSolutionNode = FALSE
	EndGlobalSection
	GlobalSection(ExtensibilityGlobals) = postSolution
		SolutionGuid = {D4306996-B749-40D1-B021-FE99B3FE6F80}
	EndGlobalSection
EndGlobal
